
Microsoft Visual Studio Solution File, Format Version 11.00
# Visual Studio 2010
Project("{FAE04EC0-301F-11D3-BF4B-00C04F79EFBC}") = "WeArtSDK.Runtime", "WeArtSDK.Runtime.csproj", "{6d6f9fd9-853d-aece-fcb0-17cea84dfc0d}"
EndProject
Project("{FAE04EC0-301F-11D3-BF4B-00C04F79EFBC}") = "WeArtSDK.Editor", "WeArtSDK.Editor.csproj", "{fc9ac797-e22e-1f75-f8b8-1c9502e446c7}"
EndProject
Project("{FAE04EC0-301F-11D3-BF4B-00C04F79EFBC}") = "Unity.XR.Interaction.Toolkit.Samples.StarterAssets", "Unity.XR.Interaction.Toolkit.Samples.StarterAssets.csproj", "{d2f01f3c-0ecf-9a16-2ab4-6bf95241f554}"
EndProject
Project("{FAE04EC0-301F-11D3-BF4B-00C04F79EFBC}") = "Assembly-CSharp", "Assembly-CSharp.csproj", "{6ea6a085-2158-ec09-6c26-d43881ee43a0}"
EndProject
Project("{FAE04EC0-301F-11D3-BF4B-00C04F79EFBC}") = "Unity.XR.Interaction.Toolkit.Samples.StarterAssets.Editor", "Unity.XR.Interaction.Toolkit.Samples.StarterAssets.Editor.csproj", "{e7e41f61-7f94-6a00-dc89-ec4f60a4ded6}"
EndProject
Global
	GlobalSection(SolutionConfigurationPlatforms) = preSolution
		Debug|Any CPU = Debug|Any CPU
	EndGlobalSection
	GlobalSection(ProjectConfigurationPlatforms) = postSolution
		{6d6f9fd9-853d-aece-fcb0-17cea84dfc0d}.Debug|Any CPU.ActiveCfg = Debug|Any CPU
		{6d6f9fd9-853d-aece-fcb0-17cea84dfc0d}.Debug|Any CPU.Build.0 = Debug|Any CPU
		{fc9ac797-e22e-1f75-f8b8-1c9502e446c7}.Debug|Any CPU.ActiveCfg = Debug|Any CPU
		{fc9ac797-e22e-1f75-f8b8-1c9502e446c7}.Debug|Any CPU.Build.0 = Debug|Any CPU
		{d2f01f3c-0ecf-9a16-2ab4-6bf95241f554}.Debug|Any CPU.ActiveCfg = Debug|Any CPU
		{d2f01f3c-0ecf-9a16-2ab4-6bf95241f554}.Debug|Any CPU.Build.0 = Debug|Any CPU
		{6ea6a085-2158-ec09-6c26-d43881ee43a0}.Debug|Any CPU.ActiveCfg = Debug|Any CPU
		{6ea6a085-2158-ec09-6c26-d43881ee43a0}.Debug|Any CPU.Build.0 = Debug|Any CPU
		{e7e41f61-7f94-6a00-dc89-ec4f60a4ded6}.Debug|Any CPU.ActiveCfg = Debug|Any CPU
		{e7e41f61-7f94-6a00-dc89-ec4f60a4ded6}.Debug|Any CPU.Build.0 = Debug|Any CPU
	EndGlobalSection
	GlobalSection(SolutionProperties) = preSolution
		HideSolutionNode = FALSE
	EndGlobalSection
EndGlobal
